
Microsoft Visual Studio Solution File, Format Version 12.00
# Visual Studio 15
VisualStudioVersion = 15.0.26206.0
MinimumVisualStudioVersion = 10.0.40219.1
Project("{9A19103F-16F7-4668-BE54-9A1E7A4F7556}") = "VndbSharp", "src\VndbSharp\VndbSharp.csproj", "{10CDE9CA-FD44-4E0F-820E-805C67AA9E95}"
EndProject
Project("{2150E333-8FDC-42A3-9474-1A3956D46DE8}") = "Solution Items", "Solution Items", "{46EF98BD-675F-4C5D-8BF1-9891FE5106CE}"
	ProjectSection(SolutionItems) = preProject
		.gitignore = .gitignore
		Notes.md = Notes.md
		README.md = README.md
	EndProjectSection
EndProject
Project("{FAE04EC0-301F-11D3-BF4B-00C04F79EFBC}") = "VndbConsole", "samples\VndbConsole\VndbConsole.csproj", "{311CBB1F-E44D-4E29-8866-DD6B345DEC7C}"
EndProject
Project("{9A19103F-16F7-4668-BE54-9A1E7A4F7556}") = "VndbConsoleCore", "samples\VndbConsoleCore\VndbConsoleCore.csproj", "{7B93649E-D174-458E-AA1E-060C010B21E1}"
EndProject
Project("{2150E333-8FDC-42A3-9474-1A3956D46DE8}") = "src", "src", "{CEA25B5A-0A4C-4D06-ABE3-C71AB9F8C257}"
EndProject
Project("{2150E333-8FDC-42A3-9474-1A3956D46DE8}") = "samples", "samples", "{0CC307C4-832A-468D-B731-7E2594DCD3FB}"
EndProject
Project("{FAE04EC0-301F-11D3-BF4B-00C04F79EFBC}") = "VndbSharp.Common", "src\VndbSharp.Common\VndbSharp.Common.csproj", "{A0F4E8DE-E8E0-44F2-8C78-E6547421DA5C}"
EndProject
Global
	GlobalSection(SolutionConfigurationPlatforms) = preSolution
		Debug|Any CPU = Debug|Any CPU
		Debug|x64 = Debug|x64
		Debug|x86 = Debug|x86
		Release|Any CPU = Release|Any CPU
		Release|x64 = Release|x64
		Release|x86 = Release|x86
	EndGlobalSection
	GlobalSection(ProjectConfigurationPlatforms) = postSolution
		{10CDE9CA-FD44-4E0F-820E-805C67AA9E95}.Debug|Any CPU.ActiveCfg = Debug|Any CPU
		{10CDE9CA-FD44-4E0F-820E-805C67AA9E95}.Debug|Any CPU.Build.0 = Debug|Any CPU
		{10CDE9CA-FD44-4E0F-820E-805C67AA9E95}.Debug|x64.ActiveCfg = Debug|Any CPU
		{10CDE9CA-FD44-4E0F-820E-805C67AA9E95}.Debug|x64.Build.0 = Debug|Any CPU
		{10CDE9CA-FD44-4E0F-820E-805C67AA9E95}.Debug|x86.ActiveCfg = Debug|Any CPU
		{10CDE9CA-FD44-4E0F-820E-805C67AA9E95}.Debug|x86.Build.0 = Debug|Any CPU
		{10CDE9CA-FD44-4E0F-820E-805C67AA9E95}.Release|Any CPU.ActiveCfg = Release|Any CPU
		{10CDE9CA-FD44-4E0F-820E-805C67AA9E95}.Release|Any CPU.Build.0 = Release|Any CPU
		{10CDE9CA-FD44-4E0F-820E-805C67AA9E95}.Release|x64.ActiveCfg = Release|Any CPU
		{10CDE9CA-FD44-4E0F-820E-805C67AA9E95}.Release|x64.Build.0 = Release|Any CPU
		{10CDE9CA-FD44-4E0F-820E-805C67AA9E95}.Release|x86.ActiveCfg = Release|Any CPU
		{10CDE9CA-FD44-4E0F-820E-805C67AA9E95}.Release|x86.Build.0 = Release|Any CPU
		{311CBB1F-E44D-4E29-8866-DD6B345DEC7C}.Debug|Any CPU.ActiveCfg = Debug|Any CPU
		{311CBB1F-E44D-4E29-8866-DD6B345DEC7C}.Debug|Any CPU.Build.0 = Debug|Any CPU
		{311CBB1F-E44D-4E29-8866-DD6B345DEC7C}.Debug|x64.ActiveCfg = Debug|Any CPU
		{311CBB1F-E44D-4E29-8866-DD6B345DEC7C}.Debug|x64.Build.0 = Debug|Any CPU
		{311CBB1F-E44D-4E29-8866-DD6B345DEC7C}.Debug|x86.ActiveCfg = Debug|Any CPU
		{311CBB1F-E44D-4E29-8866-DD6B345DEC7C}.Debug|x86.Build.0 = Debug|Any CPU
		{311CBB1F-E44D-4E29-8866-DD6B345DEC7C}.Release|Any CPU.ActiveCfg = Release|Any CPU
		{311CBB1F-E44D-4E29-8866-DD6B345DEC7C}.Release|Any CPU.Build.0 = Release|Any CPU
		{311CBB1F-E44D-4E29-8866-DD6B345DEC7C}.Release|x64.ActiveCfg = Release|Any CPU
		{311CBB1F-E44D-4E29-8866-DD6B345DEC7C}.Release|x64.Build.0 = Release|Any CPU
		{311CBB1F-E44D-4E29-8866-DD6B345DEC7C}.Release|x86.ActiveCfg = Release|Any CPU
		{311CBB1F-E44D-4E29-8866-DD6B345DEC7C}.Release|x86.Build.0 = Release|Any CPU
		{7B93649E-D174-458E-AA1E-060C010B21E1}.Debug|Any CPU.ActiveCfg = Debug|Any CPU
		{7B93649E-D174-458E-AA1E-060C010B21E1}.Debug|Any CPU.Build.0 = Debug|Any CPU
		{7B93649E-D174-458E-AA1E-060C010B21E1}.Debug|x64.ActiveCfg = Debug|Any CPU
		{7B93649E-D174-458E-AA1E-060C010B21E1}.Debug|x64.Build.0 = Debug|Any CPU
		{7B93649E-D174-458E-AA1E-060C010B21E1}.Debug|x86.ActiveCfg = Debug|Any CPU
		{7B93649E-D174-458E-AA1E-060C010B21E1}.Debug|x86.Build.0 = Debug|Any CPU
		{7B93649E-D174-458E-AA1E-060C010B21E1}.Release|Any CPU.ActiveCfg = Release|Any CPU
		{7B93649E-D174-458E-AA1E-060C010B21E1}.Release|Any CPU.Build.0 = Release|Any CPU
		{7B93649E-D174-458E-AA1E-060C010B21E1}.Release|x64.ActiveCfg = Release|Any CPU
		{7B93649E-D174-458E-AA1E-060C010B21E1}.Release|x64.Build.0 = Release|Any CPU
		{7B93649E-D174-458E-AA1E-060C010B21E1}.Release|x86.ActiveCfg = Release|Any CPU
		{7B93649E-D174-458E-AA1E-060C010B21E1}.Release|x86.Build.0 = Release|Any CPU
		{A0F4E8DE-E8E0-44F2-8C78-E6547421DA5C}.Debug|Any CPU.ActiveCfg = Debug|Any CPU
		{A0F4E8DE-E8E0-44F2-8C78-E6547421DA5C}.Debug|Any CPU.Build.0 = Debug|Any CPU
		{A0F4E8DE-E8E0-44F2-8C78-E6547421DA5C}.Debug|x64.ActiveCfg = Debug|Any CPU
		{A0F4E8DE-E8E0-44F2-8C78-E6547421DA5C}.Debug|x64.Build.0 = Debug|Any CPU
		{A0F4E8DE-E8E0-44F2-8C78-E6547421DA5C}.Debug|x86.ActiveCfg = Debug|Any CPU
		{A0F4E8DE-E8E0-44F2-8C78-E6547421DA5C}.Debug|x86.Build.0 = Debug|Any CPU
		{A0F4E8DE-E8E0-44F2-8C78-E6547421DA5C}.Release|Any CPU.ActiveCfg = Release|Any CPU
		{A0F4E8DE-E8E0-44F2-8C78-E6547421DA5C}.Release|Any CPU.Build.0 = Release|Any CPU
		{A0F4E8DE-E8E0-44F2-8C78-E6547421DA5C}.Release|x64.ActiveCfg = Release|Any CPU
		{A0F4E8DE-E8E0-44F2-8C78-E6547421DA5C}.Release|x64.Build.0 = Release|Any CPU
		{A0F4E8DE-E8E0-44F2-8C78-E6547421DA5C}.Release|x86.ActiveCfg = Release|Any CPU
		{A0F4E8DE-E8E0-44F2-8C78-E6547421DA5C}.Release|x86.Build.0 = Release|Any CPU
	EndGlobalSection
	GlobalSection(SolutionProperties) = preSolution
		HideSolutionNode = FALSE
	EndGlobalSection
	GlobalSection(NestedProjects) = preSolution
		{10CDE9CA-FD44-4E0F-820E-805C67AA9E95} = {CEA25B5A-0A4C-4D06-ABE3-C71AB9F8C257}
		{311CBB1F-E44D-4E29-8866-DD6B345DEC7C} = {0CC307C4-832A-468D-B731-7E2594DCD3FB}
		{7B93649E-D174-458E-AA1E-060C010B21E1} = {0CC307C4-832A-468D-B731-7E2594DCD3FB}
		{A0F4E8DE-E8E0-44F2-8C78-E6547421DA5C} = {CEA25B5A-0A4C-4D06-ABE3-C71AB9F8C257}
	EndGlobalSection
	GlobalSection(ExtensibilityGlobals) = postSolution
		SolutionGuid = {234921C8-95B3-4EA9-B404-226B74891B58}
	EndGlobalSection
EndGlobal
